Microsoft Visual Studio Solution File, Format Version 12.00
# Visual Studio Version 17
VisualStudioVersion = 17.5.2.0
MinimumVisualStudioVersion = 10.0.40219.1
Project("{FAE04EC0-301F-11D3-BF4B-00C04F79EFBC}") = "DeckCollection", "DeckCollection.csproj", "{BD4AC621-87F4-413B-744E-1CE6A3D3B8D6}"
EndProject
Global
	GlobalSection(SolutionConfigurationPlatforms) = preSolution
		Debug|Any CPU = Debug|Any CPU
		Release|Any CPU = Release|Any CPU
	EndGlobalSection
	GlobalSection(ProjectConfigurationPlatforms) = postSolution
		{BD4AC621-87F4-413B-744E-1CE6A3D3B8D6}.Debug|Any CPU.ActiveCfg = Debug|Any CPU
		{BD4AC621-87F4-413B-744E-1CE6A3D3B8D6}.Debug|Any CPU.Build.0 = Debug|Any CPU
		{BD4AC621-87F4-413B-744E-1CE6A3D3B8D6}.Release|Any CPU.ActiveCfg = Release|Any CPU
		{BD4AC621-87F4-413B-744E-1CE6A3D3B8D6}.Release|Any CPU.Build.0 = Release|Any CPU
	EndGlobalSection
	GlobalSection(SolutionProperties) = preSolution
		HideSolutionNode = FALSE
	EndGlobalSection
	GlobalSection(ExtensibilityGlobals) = postSolution
		SolutionGuid = {88B2410A-2AEC-4616-81C3-DBFA8B4E037A}
	EndGlobalSection
EndGlobal
